
Microsoft Visual Studio Solution File, Format Version 12.00
# Visual Studio Version 16
VisualStudioVersion = 16.0.31613.86
MinimumVisualStudioVersion = 10.0.40219.1
Project("{FAE04EC0-301F-11D3-BF4B-00C04F79EFBC}") = "Nefarius.DSharpPlus.Extensions.Hosting", "Nefarius.DSharpPlus.Extensions.Hosting.csproj", "{A99E8608-9142-4C32-8045-0D7574B539F9}"
EndProject
Global
	GlobalSection(SolutionConfigurationPlatforms) = preSolution
		Debug|Any CPU = Debug|Any CPU
		Release|Any CPU = Release|Any CPU
	EndGlobalSection
	GlobalSection(ProjectConfigurationPlatforms) = postSolution
		{A99E8608-9142-4C32-8045-0D7574B539F9}.Debug|Any CPU.ActiveCfg = Debug|Any CPU
		{A99E8608-9142-4C32-8045-0D7574B539F9}.Debug|Any CPU.Build.0 = Debug|Any CPU
		{A99E8608-9142-4C32-8045-0D7574B539F9}.Release|Any CPU.ActiveCfg = Release|Any CPU
		{A99E8608-9142-4C32-8045-0D7574B539F9}.Release|Any CPU.Build.0 = Release|Any CPU
	EndGlobalSection
	GlobalSection(SolutionProperties) = preSolution
		HideSolutionNode = FALSE
	EndGlobalSection
	GlobalSection(ExtensibilityGlobals) = postSolution
		SolutionGuid = {58B2CD89-4D43-4712-BAC6-09BE34B8F795}
	EndGlobalSection
EndGlobal
